
Microsoft Visual Studio Solution File, Format Version 12.00
# Visual Studio Version 16
VisualStudioVersion = 16.0.30011.22
MinimumVisualStudioVersion = 10.0.40219.1
Project("{FAE04EC0-301F-11D3-BF4B-00C04F79EFBC}") = "BankApplication", "BankApplication\BankApplication.csproj", "{6126C219-BC33-48F4-B9AA-70944D742539}"
EndProject
Global
	GlobalSection(SolutionConfigurationPlatforms) = preSolution
		Debug|Any CPU = Debug|Any CPU
		Release|Any CPU = Release|Any CPU
	EndGlobalSection
	GlobalSection(ProjectConfigurationPlatforms) = postSolution
		{6126C219-BC33-48F4-B9AA-70944D742539}.Debug|Any CPU.ActiveCfg = Debug|Any CPU
		{6126C219-BC33-48F4-B9AA-70944D742539}.Debug|Any CPU.Build.0 = Debug|Any CPU
		{6126C219-BC33-48F4-B9AA-70944D742539}.Release|Any CPU.ActiveCfg = Release|Any CPU
		{6126C219-BC33-48F4-B9AA-70944D742539}.Release|Any CPU.Build.0 = Release|Any CPU
	EndGlobalSection
	GlobalSection(SolutionProperties) = preSolution
		HideSolutionNode = FALSE
	EndGlobalSection
	GlobalSection(ExtensibilityGlobals) = postSolution
		SolutionGuid = {C2E3CDA1-0DDB-4290-B260-309D666D048D}
	EndGlobalSection
EndGlobal
